# This file is autogenerated, do not edit; changes may be undone by the next 'dep ensure'.


[[projects]]
  branch = "master"
  digest = "1:24c87aa76d12bbe5129d808335c215907b2bf8b373475465f23f03ebbac71ef7"
  name = "git.schwanenlied.me/yawning/aez.git"
  packages = ["."]
  pruneopts = ""
  revision = "ec7426b4492636b9b39cb6e173e7423500107163"

[[projects]]
  branch = "master"
  digest = "1:3ae08c929a64bad23efa843b41224db11a20ffdb7a3a1b779fceffd1d4f07215"
  name = "git.schwanenlied.me/yawning/bsaes.git"
  packages = [
    ".",
    "ct32",
    "ct64",
    "ghash",
    "internal/modes",
  ]
  pruneopts = ""
  revision = "26d1add596b6d800bdeeb3bc3b2c7b316c056b6d"

[[projects]]
  branch = "master"
  digest = "1:651a17ddb644cc302f87a9bad50894a9bcfafcff1f1634c4fd55f66c05f0d42b"
  name = "git.schwanenlied.me/yawning/chacha20.git"
  packages = ["."]
  pruneopts = ""
  revision = "e3b1f968fc6397b51d963fee8ec8711a47bc0ce8"

[[projects]]
  branch = "master"
  digest = "1:2f05826e75dfd6231c9752ff421bd0cb56b046e728c430ea1a0b812b23124f12"
  name = "git.schwanenlied.me/yawning/newhope.git"
  packages = ["."]
  pruneopts = ""
  revision = "9598792ba8f205d72c9b5b639b0d2827cbb7d8b9"

[[projects]]
  digest = "1:e4b30804a381d7603b8a344009987c1ba351c26043501b23b8c7ce21f0b67474"
  name = "github.com/BurntSushi/toml"
  packages = ["."]
  pruneopts = ""
  revision = "3012a1dbe2e4bd1391d42b32f0577cb7bbc7f005"
  version = "v0.3.1"

[[projects]]
  branch = "master"
  digest = "1:7c95e6ada3cb4c4034a75f88a137400dfe7cbd5823c66b2ec4b014018b537ff7"
  name = "github.com/agl/ed25519"
  packages = [
    "edwards25519",
    "extra25519",
  ]
  pruneopts = ""
  revision = "5312a61534124124185d41f09206b9fef1d88403"

[[projects]]
  digest = "1:8fe1bf6222077787bf88db4eae509f1c910743be1b82e1a6a57444fe092fc4a5"
  name = "github.com/coreos/bbolt"
  packages = ["."]
  pruneopts = ""
  revision = "63597a96ec0ad9e6d43c3fc81e809909e0237461"
  version = "v1.3.2"

[[projects]]
  digest = "1:22362d4082201b409cda662e321382597f6964e1f3a7976aec613c8f2c98eeba"
  name = "github.com/katzenpost/authority"
  packages = [
    "internal/s11n",
    "nonvoting/client",
    "voting/client",
    "voting/server/config",
  ]
  pruneopts = ""
  revision = "37313cf0f4143b5621f8dd53b5d8b397870b7c29"
  version = "v0.0.7"

[[projects]]
  branch = "master"
  digest = "1:93f868da647cb8930f5bc04d7fba31e952d68fb878027ff3c93dbeee6869a1d8"
  name = "github.com/katzenpost/client"
  packages = [
    ".",
    "config",
    "constants",
    "internal/pkiclient",
    "internal/proxy",
    "multispool",
    "poisson",
    "session",
    "utils",
  ]
  pruneopts = ""
  revision = "dc3f817a38d5ca007511797cb1f75cb04508d15c"

[[projects]]
  branch = "master"
  digest = "1:b044f2d636769c588eace8e9504b8f2b1dd0b13cf21e8f3d318c49f9a6d8d9f4"
  name = "github.com/katzenpost/core"
  packages = [
    "constants",
    "crypto/cert",
    "crypto/ecdh",
    "crypto/eddsa",
    "crypto/rand",
    "epochtime",
    "log",
    "pki",
    "sphinx",
    "sphinx/commands",
    "sphinx/constants",
    "sphinx/internal/crypto",
    "sphinx/path",
    "utils",
    "wire",
    "wire/commands",
    "worker",
  ]
  pruneopts = ""
  revision = "ebf6b0ee65d29ae5361f8882d83da6bd0031a68b"

[[projects]]
  branch = "master"
  digest = "1:2f6be1cae316ef1b8df291a7fc15960a5a96f83013db5fd7661c29bfef9d7647"
  name = "github.com/katzenpost/minclient"
  packages = ["."]
  pruneopts = ""
  revision = "01a7c28bfefe7b3e0794f1cbb4dde06fa863f2c0"

[[projects]]
  branch = "master"
  digest = "1:edae6fbfb9e116e12cdaa7d95998bd55acece9e4b9049e90941ffd1d5c24e33c"
  name = "github.com/katzenpost/noise"
  packages = ["."]
  pruneopts = ""
  revision = "a6bec72d870aedede0aac380c6c55af0866fad74"

[[projects]]
  digest = "1:2c6f07b1cfb95e87dc50e1b0ea63c8fe884720c315baec76c1da65306ef4f68b"
  name = "github.com/ugorji/go"
  packages = ["codec"]
  pruneopts = ""
  revision = "8fd0f8d918c8f0b52d0af210a812ba882cc31a1e"
  version = "v1.1.2"

[[projects]]
  branch = "master"
  digest = "1:36ef1d8645934b1744cc7d8726e00d3dd9d8d84c18617bf7367a3a6d532f3370"
  name = "golang.org/x/crypto"
  packages = [
    "blake2b",
    "blake2s",
    "chacha20poly1305",
    "curve25519",
    "ed25519",
    "ed25519/internal/edwards25519",
    "internal/chacha20",
    "internal/subtle",
    "poly1305",
    "sha3",
  ]
  pruneopts = ""
  revision = "a5d413f7728c81fb97d96a2b722368945f651e78"

[[projects]]
  branch = "master"
  digest = "1:1b519e44bd757fb43766a6150cb488a0bcbf1144ffb1dc33c7f2f7cafac9ad4a"
  name = "golang.org/x/net"
  packages = [
    "idna",
    "internal/socks",
    "proxy",
  ]
  pruneopts = ""
  revision = "63eda1eb0650888965ead1296efd04d0b2b61128"

[[projects]]
  branch = "master"
  digest = "1:919aaa36fe27d6fba3bea8067d0dea806269c45c8e5f329713eef4e2637dc2f4"
  name = "golang.org/x/sys"
  packages = [
    "cpu",
    "unix",
  ]
  pruneopts = ""
  revision = "f49334f85ddcf0f08d7fb6dd7363e9e6d6b777eb"

[[projects]]
  digest = "1:5acd3512b047305d49e8763eef7ba423901e85d5dd2fd1e71778a0ea8de10bd4"
  name = "golang.org/x/text"
  packages = [
    "cases",
    "collate",
    "collate/build",
    "internal",
    "internal/colltab",
    "internal/gen",
    "internal/tag",
    "internal/triegen",
    "internal/ucd",
    "language",
    "runes",
    "secure/bidirule",
    "secure/precis",
    "transform",
    "unicode/bidi",
    "unicode/cldr",
    "unicode/norm",
    "unicode/rangetable",
    "width",
  ]
  pruneopts = ""
  revision = "f21a4dfb5e38f5895301dc265a8def02365cc3d0"
  version = "v0.3.0"

[[projects]]
  digest = "1:8e4f739f290a3d6f38b7b6d8f704be3fbff599f755e16745a1983f3e6e1b0b7e"
  name = "gopkg.in/op/go-logging.v1"
  packages = ["."]
  pruneopts = ""
  revision = "b2cb9fa56473e98db8caba80237377e83fe44db5"
  version = "v1"

[solve-meta]
  analyzer-name = "dep"
  analyzer-version = 1
  input-imports = [
    "github.com/coreos/bbolt",
    "github.com/katzenpost/client",
    "github.com/katzenpost/client/config",
    "github.com/katzenpost/client/session",
  ]
  solver-name = "gps-cdcl"
  solver-version = 1
