# This file is autogenerated, do not edit; changes may be undone by the next 'dep ensure'.


[[projects]]
  branch = "master"
  digest = "1:24c87aa76d12bbe5129d808335c215907b2bf8b373475465f23f03ebbac71ef7"
  name = "git.schwanenlied.me/yawning/aez.git"
  packages = ["."]
  pruneopts = ""
  revision = "ec7426b4492636b9b39cb6e173e7423500107163"

[[projects]]
  branch = "master"
  digest = "1:7e22a256490317f5d85b5f3080171c9d351fb6dbb508bf28bdad0e71fa1b626b"
  name = "git.schwanenlied.me/yawning/bsaes.git"
  packages = [
    ".",
    "ct32",
    "ct64",
    "ghash",
    "internal/modes",
  ]
  pruneopts = ""
  revision = "c0276d75487ef7aceab140c9eb31601dd7d18bd4"

[[projects]]
  branch = "master"
  digest = "1:651a17ddb644cc302f87a9bad50894a9bcfafcff1f1634c4fd55f66c05f0d42b"
  name = "git.schwanenlied.me/yawning/chacha20.git"
  packages = ["."]
  pruneopts = ""
  revision = "e3b1f968fc6397b51d963fee8ec8711a47bc0ce8"

[[projects]]
  branch = "master"
  digest = "1:2f05826e75dfd6231c9752ff421bd0cb56b046e728c430ea1a0b812b23124f12"
  name = "git.schwanenlied.me/yawning/newhope.git"
  packages = ["."]
  pruneopts = ""
  revision = "9598792ba8f205d72c9b5b639b0d2827cbb7d8b9"

[[projects]]
  digest = "1:e4b30804a381d7603b8a344009987c1ba351c26043501b23b8c7ce21f0b67474"
  name = "github.com/BurntSushi/toml"
  packages = ["."]
  pruneopts = ""
  revision = "3012a1dbe2e4bd1391d42b32f0577cb7bbc7f005"
  version = "v0.3.1"

[[projects]]
  branch = "master"
  digest = "1:7c95e6ada3cb4c4034a75f88a137400dfe7cbd5823c66b2ec4b014018b537ff7"
  name = "github.com/agl/ed25519"
  packages = [
    "edwards25519",
    "extra25519",
  ]
  pruneopts = ""
  revision = "5312a61534124124185d41f09206b9fef1d88403"

[[projects]]
  digest = "1:b76b9d2ddb94f66bf36a2fd4ddc7656e6eca9c9c214e8e1d75b43ee159ee26bf"
  name = "github.com/coreos/bbolt"
  packages = ["."]
  pruneopts = ""
  revision = "7ee3ded59d4835e10f3e7d0f7603c42aa5e83820"
  version = "v1.3.1-etcd.8"

[[projects]]
  digest = "1:22362d4082201b409cda662e321382597f6964e1f3a7976aec613c8f2c98eeba"
  name = "github.com/katzenpost/authority"
  packages = [
    "internal/s11n",
    "nonvoting/client",
    "voting/client",
    "voting/server/config",
  ]
  pruneopts = ""
  revision = "37313cf0f4143b5621f8dd53b5d8b397870b7c29"
  version = "v0.0.7"

[[projects]]
  digest = "1:ce980b503ef009299fd52d5a7f574b7130e3467344c4b9df6f72a6fcf24c4658"
  name = "github.com/katzenpost/client"
  packages = [
    ".",
    "config",
    "constants",
    "internal/pkiclient",
    "internal/proxy",
    "poisson",
    "session",
    "utils",
  ]
  pruneopts = ""
  revision = "00d6e94532e89ae2e7d55219d381f96449d5ca9b"
  version = "0.0.0"

[[projects]]
  digest = "1:faad7f9dac6a2d073d9587cbce9b332bdc229235c2b230db93c7c853b5d74735"
  name = "github.com/katzenpost/core"
  packages = [
    "constants",
    "crypto/cert",
    "crypto/ecdh",
    "crypto/eddsa",
    "crypto/rand",
    "epochtime",
    "log",
    "pki",
    "sphinx",
    "sphinx/commands",
    "sphinx/constants",
    "sphinx/internal/crypto",
    "sphinx/path",
    "utils",
    "wire",
    "wire/commands",
    "worker",
  ]
  pruneopts = ""
  revision = "0213ae4e0d0ee7a53f238e39535430bfeb49cfc2"
  version = "v0.0.6"

[[projects]]
  digest = "1:7a3db252d0c603c78df3be9e773bc6a20d24f41323effe86e1fec2e34483d176"
  name = "github.com/katzenpost/minclient"
  packages = ["."]
  pruneopts = ""
  revision = "fe261fae58ad548ba9ffa559a7138be5d3a2d979"
  version = "v0.0.4"

[[projects]]
  branch = "master"
  digest = "1:b047636096ab137a8a4682572a3b7b40b135c2e54fe5c863620b6b314858ffd7"
  name = "github.com/katzenpost/noise"
  packages = ["."]
  pruneopts = ""
  revision = "08e83772a9119dc0b35028bc6d8412dc22b0a9ee"

[[projects]]
  digest = "1:2e7f653483e51243b6cd6de60ce39bde0d6927d10a3c24295ab0f82cb1efeae2"
  name = "github.com/ugorji/go"
  packages = ["codec"]
  pruneopts = ""
  revision = "b4c50a2b199d93b13dc15e78929cfb23bfdf21ab"
  version = "v1.1.1"

[[projects]]
  branch = "master"
  digest = "1:887074c37fcefc2f49b5ae9c6f9f36107341aec23185613d0e9f1ee81db7f94a"
  name = "golang.org/x/crypto"
  packages = [
    "blake2b",
    "blake2s",
    "chacha20poly1305",
    "curve25519",
    "ed25519",
    "ed25519/internal/edwards25519",
    "internal/chacha20",
    "internal/subtle",
    "poly1305",
    "sha3",
  ]
  pruneopts = ""
  revision = "505ab145d0a99da450461ae2c1a9f6cd10d1f447"

[[projects]]
  branch = "master"
  digest = "1:4ab2fc83e3222b69759dfd717e01d0cf38b133aabfacc29a86057021a2f1abd9"
  name = "golang.org/x/net"
  packages = [
    "idna",
    "internal/socks",
    "proxy",
  ]
  pruneopts = ""
  revision = "927f97764cc334a6575f4b7a1584a147864d5723"

[[projects]]
  branch = "master"
  digest = "1:e6d1805ead5b8f2439808f76187f54042ed35ee26eb9ca63127259a0e612b119"
  name = "golang.org/x/sys"
  packages = [
    "cpu",
    "unix",
  ]
  pruneopts = ""
  revision = "b4a75ba826a64a70990f11a225237acd6ef35c9f"

[[projects]]
  digest = "1:5acd3512b047305d49e8763eef7ba423901e85d5dd2fd1e71778a0ea8de10bd4"
  name = "golang.org/x/text"
  packages = [
    "cases",
    "collate",
    "collate/build",
    "internal",
    "internal/colltab",
    "internal/gen",
    "internal/tag",
    "internal/triegen",
    "internal/ucd",
    "language",
    "runes",
    "secure/bidirule",
    "secure/precis",
    "transform",
    "unicode/bidi",
    "unicode/cldr",
    "unicode/norm",
    "unicode/rangetable",
    "width",
  ]
  pruneopts = ""
  revision = "f21a4dfb5e38f5895301dc265a8def02365cc3d0"
  version = "v0.3.0"

[[projects]]
  digest = "1:8e4f739f290a3d6f38b7b6d8f704be3fbff599f755e16745a1983f3e6e1b0b7e"
  name = "gopkg.in/op/go-logging.v1"
  packages = ["."]
  pruneopts = ""
  revision = "b2cb9fa56473e98db8caba80237377e83fe44db5"
  version = "v1"

[solve-meta]
  analyzer-name = "dep"
  analyzer-version = 1
  input-imports = [
    "github.com/coreos/bbolt",
    "github.com/katzenpost/client",
    "github.com/katzenpost/client/config",
    "github.com/katzenpost/client/session",
  ]
  solver-name = "gps-cdcl"
  solver-version = 1
